
Microsoft Visual Studio Solution File, Format Version 12.00
# Visual Studio 2012
Project("{FAE04EC0-301F-11D3-BF4B-00C04F79EFBC}") = "Program1", "Program1\Program1.csproj", "{70C7E59D-1C8F-4CB0-BB71-4185249CEE7D}"
EndProject
Global
	GlobalSection(SolutionConfigurationPlatforms) = preSolution
		Debug|Any CPU = Debug|Any CPU
		Release|Any CPU = Release|Any CPU
	EndGlobalSection
	GlobalSection(ProjectConfigurationPlatforms) = postSolution
		{70C7E59D-1C8F-4CB0-BB71-4185249CEE7D}.Debug|Any CPU.ActiveCfg = Debug|Any CPU
		{70C7E59D-1C8F-4CB0-BB71-4185249CEE7D}.Debug|Any CPU.Build.0 = Debug|Any CPU
		{70C7E59D-1C8F-4CB0-BB71-4185249CEE7D}.Release|Any CPU.ActiveCfg = Release|Any CPU
		{70C7E59D-1C8F-4CB0-BB71-4185249CEE7D}.Release|Any CPU.Build.0 = Release|Any CPU
	EndGlobalSection
	GlobalSection(SolutionProperties) = preSolution
		HideSolutionNode = FALSE
	EndGlobalSection
EndGlobal
